# THIS IS AN AUTOGENERATED FILE. DO NOT EDIT THIS FILE DIRECTLY.
# yarn lockfile v1


"@types/aws-lambda@^8.10.62":
  version "8.10.62"
  resolved "https://registry.yarnpkg.com/@types/aws-lambda/-/aws-lambda-8.10.62.tgz#857de3f73ab503136f2eefe965b1b67e5f397b62"
  integrity sha512-43XhJY5jvyH03U0cRsSqeHWhvmGZNoLzTPSAZ3JAqgG9p20uw+Sx9Auk5OAefJajd9ZcfjDJ/9lJ2BiBxfKJRw==

typescript@^4.0.3:
  version "4.0.3"
  resolved "https://registry.yarnpkg.com/typescript/-/typescript-4.0.3.tgz#153bbd468ef07725c1df9c77e8b453f8d36abba5"
  integrity sha512-tEu6DGxGgRJPb/mVPIZ48e69xCn2yRmCgYmDugAVwmJ6o+0u1RI18eO7E7WBTLYLaEVVOhwQmcdhQHweux/WPg==
